lockfileVersion: 5.4

specifiers:
  '@aws-sdk/client-dynamodb': ^3.332.0
  axios: ^1.2.2
  replace-in-file: ^6.3.5

dependencies:
  '@aws-sdk/client-dynamodb': 3.332.0
  axios: 1.2.2
  replace-in-file: 6.3.5

packages:

  /@aws-crypto/ie11-detection/3.0.0:
    resolution: {integrity: sha512-341lBBkiY1DfDNKai/wXM3aujNBkXR7tq1URPQDL9wi3AUbI80NR74uF1TXHMm7po1AcnFk8iu2S2IeU/+/A+Q==}
    dependencies:
      tslib: 1.14.1
    dev: false

  /@aws-crypto/sha256-browser/3.0.0:
    resolution: {integrity: sha512-8VLmW2B+gjFbU5uMeqtQM6Nj0/F1bro80xQXCW6CQBWgosFWXTx77aeOF5CAIAmbOK64SdMBJdNr6J41yP5mvQ==}
    dependencies:
      '@aws-crypto/ie11-detection': 3.0.0
      '@aws-crypto/sha256-js': 3.0.0
      '@aws-crypto/supports-web-crypto': 3.0.0
      '@aws-crypto/util': 3.0.0
      '@aws-sdk/types': 3.329.0
      '@aws-sdk/util-locate-window': 3.310.0
      '@aws-sdk/util-utf8-browser': 3.259.0
      tslib: 1.14.1
    dev: false

  /@aws-crypto/sha256-js/3.0.0:
    resolution: {integrity: sha512-PnNN7os0+yd1XvXAy23CFOmTbMaDxgxXtTKHybrJ39Y8kGzBATgBFibWJKH6BhytLI/Zyszs87xCOBNyBig6vQ==}
    dependencies:
      '@aws-crypto/util': 3.0.0
      '@aws-sdk/types': 3.329.0
      tslib: 1.14.1
    dev: false

  /@aws-crypto/supports-web-crypto/3.0.0:
    resolution: {integrity: sha512-06hBdMwUAb2WFTuGG73LSC0wfPu93xWwo5vL2et9eymgmu3Id5vFAHBbajVWiGhPO37qcsdCap/FqXvJGJWPIg==}
    dependencies:
      tslib: 1.14.1
    dev: false

  /@aws-crypto/util/3.0.0:
    resolution: {integrity: sha512-2OJlpeJpCR48CC8r+uKVChzs9Iungj9wkZrl8Z041DWEWvyIHILYKCPNzJghKsivj+S3mLo6BVc7mBNzdxA46w==}
    dependencies:
      '@aws-sdk/types': 3.329.0
      '@aws-sdk/util-utf8-browser': 3.259.0
      tslib: 1.14.1
    dev: false

  /@aws-sdk/abort-controller/3.329.0:
    resolution: {integrity: sha512-hzrjPNQcJoSPe0oS20V5i98oiEZSM3mKNiR6P3xHTHTPI/F23lyjGZ+/CSkCmJbSWfGZ5sHZZcU6AWuS7xBdTw==}
    engines: {node: '>=14.0.0'}
    dependencies:
      '@aws-sdk/types': 3.329.0
      tslib: 2.5.0
    dev: false

  /@aws-sdk/client-dynamodb/3.332.0:
    resolution: {integrity: sha512-v+4a0drW4Q9IZDKbolteyQKbTt42cwbD9CVy2EISB0rThKJKwe/QSUWoeO/nUxmZ7Q4bB/r15Vga5r274FrQ4Q==}
    engines: {node: '>=14.0.0'}
    dependencies:
      '@aws-crypto/sha256-browser': 3.0.0
      '@aws-crypto/sha256-js': 3.0.0
      '@aws-sdk/client-sts': 3.332.0
      '@aws-sdk/config-resolver': 3.329.0
      '@aws-sdk/credential-provider-node': 3.332.0
      '@aws-sdk/fetch-http-handler': 3.329.0
      '@aws-sdk/hash-node': 3.329.0
      '@aws-sdk/invalid-dependency': 3.329.0
      '@aws-sdk/middleware-content-length': 3.329.0
      '@aws-sdk/middleware-endpoint': 3.329.0
      '@aws-sdk/middleware-endpoint-discovery': 3.329.0
      '@aws-sdk/middleware-host-header': 3.329.0
      '@aws-sdk/middleware-logger': 3.329.0
      '@aws-sdk/middleware-recursion-detection': 3.329.0
      '@aws-sdk/middleware-retry': 3.329.0
      '@aws-sdk/middleware-serde': 3.329.0
      '@aws-sdk/middleware-signing': 3.329.0
      '@aws-sdk/middleware-stack': 3.329.0
      '@aws-sdk/middleware-user-agent': 3.332.0
      '@aws-sdk/node-config-provider': 3.329.0
      '@aws-sdk/node-http-handler': 3.329.0
      '@aws-sdk/protocol-http': 3.329.0
      '@aws-sdk/smithy-client': 3.329.0
      '@aws-sdk/types': 3.329.0
      '@aws-sdk/url-parser': 3.329.0
      '@aws-sdk/util-base64': 3.310.0
      '@aws-sdk/util-body-length-browser': 3.310.0
      '@aws-sdk/util-body-length-node': 3.310.0
      '@aws-sdk/util-defaults-mode-browser': 3.329.0
      '@aws-sdk/util-defaults-mode-node': 3.329.0
      '@aws-sdk/util-endpoints': 3.332.0
      '@aws-sdk/util-retry': 3.329.0
      '@aws-sdk/util-user-agent-browser': 3.329.0
      '@aws-sdk/util-user-agent-node': 3.329.0
      '@aws-sdk/util-utf8': 3.310.0
      '@aws-sdk/util-waiter': 3.329.0
      tslib: 2.5.0
      uuid: 8.3.2
    transitivePeerDependencies:
      - aws-crt
    dev: false

  /@aws-sdk/client-sso-oidc/3.332.0:
    resolution: {integrity: sha512-tz8k8Yqm4TScIfit0Tum2zWAq1md+gZKr747CSixd4Zwcp7Vwh75cRoL7Rz1ZHSEn1Yo983MWREevVez3SubLw==}
    engines: {node: '>=14.0.0'}
    dependencies:
      '@aws-crypto/sha256-browser': 3.0.0
      '@aws-crypto/sha256-js': 3.0.0
      '@aws-sdk/config-resolver': 3.329.0
      '@aws-sdk/fetch-http-handler': 3.329.0
      '@aws-sdk/hash-node': 3.329.0
      '@aws-sdk/invalid-dependency': 3.329.0
      '@aws-sdk/middleware-content-length': 3.329.0
      '@aws-sdk/middleware-endpoint': 3.329.0
      '@aws-sdk/middleware-host-header': 3.329.0
      '@aws-sdk/middleware-logger': 3.329.0
      '@aws-sdk/middleware-recursion-detection': 3.329.0
      '@aws-sdk/middleware-retry': 3.329.0
      '@aws-sdk/middleware-serde': 3.329.0
      '@aws-sdk/middleware-stack': 3.329.0
      '@aws-sdk/middleware-user-agent': 3.332.0
      '@aws-sdk/node-config-provider': 3.329.0
      '@aws-sdk/node-http-handler': 3.329.0
      '@aws-sdk/protocol-http': 3.329.0
      '@aws-sdk/smithy-client': 3.329.0
      '@aws-sdk/types': 3.329.0
      '@aws-sdk/url-parser': 3.329.0
      '@aws-sdk/util-base64': 3.310.0
      '@aws-sdk/util-body-length-browser': 3.310.0
      '@aws-sdk/util-body-length-node': 3.310.0
      '@aws-sdk/util-defaults-mode-browser': 3.329.0
      '@aws-sdk/util-defaults-mode-node': 3.329.0
      '@aws-sdk/util-endpoints': 3.332.0
      '@aws-sdk/util-retry': 3.329.0
      '@aws-sdk/util-user-agent-browser': 3.329.0
      '@aws-sdk/util-user-agent-node': 3.329.0
      '@aws-sdk/util-utf8': 3.310.0
      tslib: 2.5.0
    transitivePeerDependencies:
      - aws-crt
    dev: false

  /@aws-sdk/client-sso/3.332.0:
    resolution: {integrity: sha512-4q1Nko8M6YVANdEiLYvdv1qb00j4xN4ppE/6d4xpGp7DxHYlm0GA762h0/TR2dun+2I+SMnwj4Fv6BxOmzBaEw==}
    engines: {node: '>=14.0.0'}
    dependencies:
      '@aws-crypto/sha256-browser': 3.0.0
      '@aws-crypto/sha256-js': 3.0.0
      '@aws-sdk/config-resolver': 3.329.0
      '@aws-sdk/fetch-http-handler': 3.329.0
      '@aws-sdk/hash-node': 3.329.0
      '@aws-sdk/invalid-dependency': 3.329.0
      '@aws-sdk/middleware-content-length': 3.329.0
      '@aws-sdk/middleware-endpoint': 3.329.0
      '@aws-sdk/middleware-host-header': 3.329.0
      '@aws-sdk/middleware-logger': 3.329.0
      '@aws-sdk/middleware-recursion-detection': 3.329.0
      '@aws-sdk/middleware-retry': 3.329.0
      '@aws-sdk/middleware-serde': 3.329.0
      '@aws-sdk/middleware-stack': 3.329.0
      '@aws-sdk/middleware-user-agent': 3.332.0
      '@aws-sdk/node-config-provider': 3.329.0
      '@aws-sdk/node-http-handler': 3.329.0
      '@aws-sdk/protocol-http': 3.329.0
      '@aws-sdk/smithy-client': 3.329.0
      '@aws-sdk/types': 3.329.0
      '@aws-sdk/url-parser': 3.329.0
      '@aws-sdk/util-base64': 3.310.0
      '@aws-sdk/util-body-length-browser': 3.310.0
      '@aws-sdk/util-body-length-node': 3.310.0
      '@aws-sdk/util-defaults-mode-browser': 3.329.0
      '@aws-sdk/util-defaults-mode-node': 3.329.0
      '@aws-sdk/util-endpoints': 3.332.0
      '@aws-sdk/util-retry': 3.329.0
      '@aws-sdk/util-user-agent-browser': 3.329.0
      '@aws-sdk/util-user-agent-node': 3.329.0
      '@aws-sdk/util-utf8': 3.310.0
      tslib: 2.5.0
    transitivePeerDependencies:
      - aws-crt
    dev: false

  /@aws-sdk/client-sts/3.332.0:
    resolution: {integrity: sha512-uVobnXIzMcEhwBDyk6iOt36N/TRNI8hwq7MQugjYGj7Inma9g4vnR09hXJ24HxyKCoVUoIgMbEguQ43+/+uvDQ==}
    engines: {node: '>=14.0.0'}
    dependencies:
      '@aws-crypto/sha256-browser': 3.0.0
      '@aws-crypto/sha256-js': 3.0.0
      '@aws-sdk/config-resolver': 3.329.0
      '@aws-sdk/credential-provider-node': 3.332.0
      '@aws-sdk/fetch-http-handler': 3.329.0
      '@aws-sdk/hash-node': 3.329.0
      '@aws-sdk/invalid-dependency': 3.329.0
      '@aws-sdk/middleware-content-length': 3.329.0
      '@aws-sdk/middleware-endpoint': 3.329.0
      '@aws-sdk/middleware-host-header': 3.329.0
      '@aws-sdk/middleware-logger': 3.329.0
      '@aws-sdk/middleware-recursion-detection': 3.329.0
      '@aws-sdk/middleware-retry': 3.329.0
      '@aws-sdk/middleware-sdk-sts': 3.329.0
      '@aws-sdk/middleware-serde': 3.329.0
      '@aws-sdk/middleware-signing': 3.329.0
      '@aws-sdk/middleware-stack': 3.329.0
      '@aws-sdk/middleware-user-agent': 3.332.0
      '@aws-sdk/node-config-provider': 3.329.0
      '@aws-sdk/node-http-handler': 3.329.0
      '@aws-sdk/protocol-http': 3.329.0
      '@aws-sdk/smithy-client': 3.329.0
      '@aws-sdk/types': 3.329.0
      '@aws-sdk/url-parser': 3.329.0
      '@aws-sdk/util-base64': 3.310.0
      '@aws-sdk/util-body-length-browser': 3.310.0
      '@aws-sdk/util-body-length-node': 3.310.0
      '@aws-sdk/util-defaults-mode-browser': 3.329.0
      '@aws-sdk/util-defaults-mode-node': 3.329.0
      '@aws-sdk/util-endpoints': 3.332.0
      '@aws-sdk/util-retry': 3.329.0
      '@aws-sdk/util-user-agent-browser': 3.329.0
      '@aws-sdk/util-user-agent-node': 3.329.0
      '@aws-sdk/util-utf8': 3.310.0
      fast-xml-parser: 4.1.2
      tslib: 2.5.0
    transitivePeerDependencies:
      - aws-crt
    dev: false

  /@aws-sdk/config-resolver/3.329.0:
    resolution: {integrity: sha512-Oj6eiT3q+Jn685yvUrfRi8PhB3fb81hasJqdrsEivA8IP8qAgnVUTJzXsh8O2UX8UM2MF6A1gTgToSgneJuw2Q==}
    engines: {node: '>=14.0.0'}
    dependencies:
      '@aws-sdk/types': 3.329.0
      '@aws-sdk/util-config-provider': 3.310.0
      '@aws-sdk/util-middleware': 3.329.0
      tslib: 2.5.0
    dev: false

  /@aws-sdk/credential-provider-env/3.329.0:
    resolution: {integrity: sha512-B4orC9hMt9hG82vAR0TAnQqjk6cFDbO2S14RdzUj2n2NPlGWW4Blkv3NTo86K0lq011VRhtqaLcuTwn5EJD5Sg==}
    engines: {node: '>=14.0.0'}
    dependencies:
      '@aws-sdk/property-provider': 3.329.0
      '@aws-sdk/types': 3.329.0
      tslib: 2.5.0
    dev: false

  /@aws-sdk/credential-provider-imds/3.329.0:
    resolution: {integrity: sha512-ggPlnd7QROPTid0CwT01TYYGvstRRTpzTGsQ/B31wkh30IrRXE81W3S4xrOYuqQD3u0RnflSxnvhs+EayJEYjg==}
    engines: {node: '>=14.0.0'}
    dependencies:
      '@aws-sdk/node-config-provider': 3.329.0
      '@aws-sdk/property-provider': 3.329.0
      '@aws-sdk/types': 3.329.0
      '@aws-sdk/url-parser': 3.329.0
      tslib: 2.5.0
    dev: false

  /@aws-sdk/credential-provider-ini/3.332.0:
    resolution: {integrity: sha512-DTW6d6rcqizPVyvcIrwvxecQ7e5GONtVc5Wyf0RTfqf41sDOVZYmn6G+zEFSpBLW0975uZbJS0lyLWtJe2VujQ==}
    engines: {node: '>=14.0.0'}
    dependencies:
      '@aws-sdk/credential-provider-env': 3.329.0
      '@aws-sdk/credential-provider-imds': 3.329.0
      '@aws-sdk/credential-provider-process': 3.329.0
      '@aws-sdk/credential-provider-sso': 3.332.0
      '@aws-sdk/credential-provider-web-identity': 3.329.0
      '@aws-sdk/property-provider': 3.329.0
      '@aws-sdk/shared-ini-file-loader': 3.329.0
      '@aws-sdk/types': 3.329.0
      tslib: 2.5.0
    transitivePeerDependencies:
      - aws-crt
    dev: false

  /@aws-sdk/credential-provider-node/3.332.0:
    resolution: {integrity: sha512-KkBayS9k4WyJTvC86ngeRM+RmWxNCS1BHvudkR6PLXfnsNPDzxySDVY0UgxVhbNYDYsO561fXZt9ccpKyVWjgg==}
    engines: {node: '>=14.0.0'}
    dependencies:
      '@aws-sdk/credential-provider-env': 3.329.0
      '@aws-sdk/credential-provider-imds': 3.329.0
      '@aws-sdk/credential-provider-ini': 3.332.0
      '@aws-sdk/credential-provider-process': 3.329.0
      '@aws-sdk/credential-provider-sso': 3.332.0
      '@aws-sdk/credential-provider-web-identity': 3.329.0
      '@aws-sdk/property-provider': 3.329.0
      '@aws-sdk/shared-ini-file-loader': 3.329.0
      '@aws-sdk/types': 3.329.0
      tslib: 2.5.0
    transitivePeerDependencies:
      - aws-crt
    dev: false

  /@aws-sdk/credential-provider-process/3.329.0:
    resolution: {integrity: sha512-5oO220qoFc2pMdZDQa6XN/mVhp669I3+LqMbbscGtX/UgLJPSOb7YzPld9Wjv12L5rf+sD3G1PF3LZXO0vKLFA==}
    engines: {node: '>=14.0.0'}
    dependencies:
      '@aws-sdk/property-provider': 3.329.0
      '@aws-sdk/shared-ini-file-loader': 3.329.0
      '@aws-sdk/types': 3.329.0
      tslib: 2.5.0
    dev: false

  /@aws-sdk/credential-provider-sso/3.332.0:
    resolution: {integrity: sha512-SaKXl48af3n6LRitcaEqbeg1YDXwQ0A5QziC1xQyYPraEIj3IZ/GyTjx04Lo2jxNYHuEOE8u4aTw1+IK1GDKbg==}
    engines: {node: '>=14.0.0'}
    dependencies:
      '@aws-sdk/client-sso': 3.332.0
      '@aws-sdk/property-provider': 3.329.0
      '@aws-sdk/shared-ini-file-loader': 3.329.0
      '@aws-sdk/token-providers': 3.332.0
      '@aws-sdk/types': 3.329.0
      tslib: 2.5.0
    transitivePeerDependencies:
      - aws-crt
    dev: false

  /@aws-sdk/credential-provider-web-identity/3.329.0:
    resolution: {integrity: sha512-lcEibZD7AlutCacpQ6DyNUqElZJDq+ylaIo5a8MH9jGh7Pg2WpDg0Sy+B6FbGCkVn4eIjdHxeX54JM245nhESg==}
    engines: {node: '>=14.0.0'}
    dependencies:
      '@aws-sdk/property-provider': 3.329.0
      '@aws-sdk/types': 3.329.0
      tslib: 2.5.0
    dev: false

  /@aws-sdk/endpoint-cache/3.310.0:
    resolution: {integrity: sha512-y3wipforet41EDTI0vnzxILqwAGll1KfI5qcdX9pXF/WF1f+3frcOtPiWtQEZQpy4czRogKm3BHo70QBYAZxlQ==}
    engines: {node: '>=14.0.0'}
    dependencies:
      mnemonist: 0.38.3
      tslib: 2.5.0
    dev: false

  /@aws-sdk/fetch-http-handler/3.329.0:
    resolution: {integrity: sha512-9jfIeJhYCcTX4ScXOueRTB3S/tVce0bRsKxKDP0PnTxnGYOwKXoM9lAPmiYItzYmQ/+QzjTI8xfkA9Usz2SK/Q==}
    dependencies:
      '@aws-sdk/protocol-http': 3.329.0
      '@aws-sdk/querystring-builder': 3.329.0
      '@aws-sdk/types': 3.329.0
      '@aws-sdk/util-base64': 3.310.0
      tslib: 2.5.0
    dev: false

  /@aws-sdk/hash-node/3.329.0:
    resolution: {integrity: sha512-6RmnWXNWpi7yAs0oRDQlkMn2wfXOStr/8kTCgiAiqrk1KopGSBkC2veKiKRSfv02FTd1yV/ISqYNIRqW1VLyxg==}
    engines: {node: '>=14.0.0'}
    dependencies:
      '@aws-sdk/types': 3.329.0
      '@aws-sdk/util-buffer-from': 3.310.0
      '@aws-sdk/util-utf8': 3.310.0
      tslib: 2.5.0
    dev: false

  /@aws-sdk/invalid-dependency/3.329.0:
    resolution: {integrity: sha512-UXynGusDxN/HxLma5ByJ7u+XnuMd47NbHOjJgYsaAjb1CVZT7hEPXOB+mcZ+Ku7To5SCOKu2QbRn7m4bGespBg==}
    dependencies:
      '@aws-sdk/types': 3.329.0
      tslib: 2.5.0
    dev: false

  /@aws-sdk/is-array-buffer/3.310.0:
    resolution: {integrity: sha512-urnbcCR+h9NWUnmOtet/s4ghvzsidFmspfhYaHAmSRdy9yDjdjBJMFjjsn85A1ODUktztm+cVncXjQ38WCMjMQ==}
    engines: {node: '>=14.0.0'}
    dependencies:
      tslib: 2.5.0
    dev: false

  /@aws-sdk/middleware-content-length/3.329.0:
    resolution: {integrity: sha512-7kCd+CvY/4KbyXB0uyL7jCwPjMi2yERMALFdEH9dsUciwmxIQT6eSc4aF6wImC4UrbafaqmXvvHErABKMVBTKA==}
    engines: {node: '>=14.0.0'}
    dependencies:
      '@aws-sdk/protocol-http': 3.329.0
      '@aws-sdk/types': 3.329.0
      tslib: 2.5.0
    dev: false

  /@aws-sdk/middleware-endpoint-discovery/3.329.0:
    resolution: {integrity: sha512-gzzKuAqvnTSo2mLMpgxAwGB7bdoLMwpobqyoDVVOpGcRyZmffYq/MdaBLgjcGIvlyzFHhnTF3KKO83X0ufebaw==}
    engines: {node: '>=14.0.0'}
    dependencies:
      '@aws-sdk/endpoint-cache': 3.310.0
      '@aws-sdk/protocol-http': 3.329.0
      '@aws-sdk/types': 3.329.0
      tslib: 2.5.0
    dev: false

  /@aws-sdk/middleware-endpoint/3.329.0:
    resolution: {integrity: sha512-hdJRoNdCM0BT4W+rrtee+kfFRgGPGXQDgtbIQlf/FuuuYz2sdef7/SYWr0mxuncnVBW5WkYSPP8h6q07whSKbg==}
    engines: {node: '>=14.0.0'}
    dependencies:
      '@aws-sdk/middleware-serde': 3.329.0
      '@aws-sdk/types': 3.329.0
      '@aws-sdk/url-parser': 3.329.0
      '@aws-sdk/util-middleware': 3.329.0
      tslib: 2.5.0
    dev: false

  /@aws-sdk/middleware-host-header/3.329.0:
    resolution: {integrity: sha512-JrHeUdTIpTCfXDo9JpbAbZTS1x4mt63CCytJRq0mpWp+FlP9hjckBcNxWdR/wSKEzP9pDRnTri638BOwWH7O8w==}
    engines: {node: '>=14.0.0'}
    dependencies:
      '@aws-sdk/protocol-http': 3.329.0
      '@aws-sdk/types': 3.329.0
      tslib: 2.5.0
    dev: false

  /@aws-sdk/middleware-logger/3.329.0:
    resolution: {integrity: sha512-lKeeTXsYC1NiwmxrXsZepcwNXPoQxTNNbeD1qaCELPGK2cJlrGoeAP2YRWzpwO2kNZWrDLaGAPT/EUEhqw+d1w==}
    engines: {node: '>=14.0.0'}
    dependencies:
      '@aws-sdk/types': 3.329.0
      tslib: 2.5.0
    dev: false

  /@aws-sdk/middleware-recursion-detection/3.329.0:
    resolution: {integrity: sha512-0/TYOJwrj1Z8s+Y7thibD23hggBq/K/01NwPk32CwWG/G+1vWozs5DefknEl++w0vuV+39pkY4KHI8m/+wOCpg==}
    engines: {node: '>=14.0.0'}
    dependencies:
      '@aws-sdk/protocol-http': 3.329.0
      '@aws-sdk/types': 3.329.0
      tslib: 2.5.0
    dev: false

  /@aws-sdk/middleware-retry/3.329.0:
    resolution: {integrity: sha512-cB3D7GlhHUcHGOlygOYxD9cPhwsTYEAMcohK38An8+RHNp6VQEWezzLFCmHVKUSeCQ+wkjZfPA40jOG0rbjSgQ==}
    engines: {node: '>=14.0.0'}
    dependencies:
      '@aws-sdk/protocol-http': 3.329.0
      '@aws-sdk/service-error-classification': 3.329.0
      '@aws-sdk/types': 3.329.0
      '@aws-sdk/util-middleware': 3.329.0
      '@aws-sdk/util-retry': 3.329.0
      tslib: 2.5.0
      uuid: 8.3.2
    dev: false

  /@aws-sdk/middleware-sdk-sts/3.329.0:
    resolution: {integrity: sha512-bqtZuhkH8pANb2Gb4FEM1p27o+BoDBmVhEWm8sWH+APsyOor3jc6eUG2GxkfoO6D5tGNIuyCC/GuvW9XDIe4Kg==}
    engines: {node: '>=14.0.0'}
    dependencies:
      '@aws-sdk/middleware-signing': 3.329.0
      '@aws-sdk/types': 3.329.0
      tslib: 2.5.0
    dev: false

  /@aws-sdk/middleware-serde/3.329.0:
    resolution: {integrity: sha512-tvM9NdPuRPCozPjTGNOeYZeLlyx3BcEyajrkRorCRf1YzG/mXdB6I1stote7i4q1doFtYTz0sYL8bqW3LUPn9A==}
    engines: {node: '>=14.0.0'}
    dependencies:
      '@aws-sdk/types': 3.329.0
      tslib: 2.5.0
    dev: false

  /@aws-sdk/middleware-signing/3.329.0:
    resolution: {integrity: sha512-bL1nI+EUcF5B1ipwDXxiKL+Uw02Mbt/TNX54PbzunBGZIyO6DZG/H+M3U296bYbvPlwlZhp26O830g6K7VEWsA==}
    engines: {node: '>=14.0.0'}
    dependencies:
      '@aws-sdk/property-provider': 3.329.0
      '@aws-sdk/protocol-http': 3.329.0
      '@aws-sdk/signature-v4': 3.329.0
      '@aws-sdk/types': 3.329.0
      '@aws-sdk/util-middleware': 3.329.0
      tslib: 2.5.0
    dev: false

  /@aws-sdk/middleware-stack/3.329.0:
    resolution: {integrity: sha512-2huFLhJ45td2nuiIOjpc9JKJbFNn5CYmw9U8YDITTcydpteRN62CzCpeqroDvF89VOLWxh0ZFtuLCGUr7liSWQ==}
    engines: {node: '>=14.0.0'}
    dependencies:
      tslib: 2.5.0
    dev: false

  /@aws-sdk/middleware-user-agent/3.332.0:
    resolution: {integrity: sha512-rSL1xP4QmcMOsunN1p5ZDR9GT3vvoSCnYa4iPvMSjP8Jx7l4ff/aVctwfZkMs/up12+68Jqwj4TvtaCvCFXdUA==}
    engines: {node: '>=14.0.0'}
    dependencies:
      '@aws-sdk/protocol-http': 3.329.0
      '@aws-sdk/types': 3.329.0
      '@aws-sdk/util-endpoints': 3.332.0
      tslib: 2.5.0
    dev: false

  /@aws-sdk/node-config-provider/3.329.0:
    resolution: {integrity: sha512-hg9rGNlkzh8aeR/sQbijrkFx2BIO53j4Z6qDxPNWwSGpl05jri1VHxHx2HZMwgbY6Zy/DSguETN/BL8vdFqyLg==}
    engines: {node: '>=14.0.0'}
    dependencies:
      '@aws-sdk/property-provider': 3.329.0
      '@aws-sdk/shared-ini-file-loader': 3.329.0
      '@aws-sdk/types': 3.329.0
      tslib: 2.5.0
    dev: false

  /@aws-sdk/node-http-handler/3.329.0:
    resolution: {integrity: sha512-OrjaHjU2ZTPfoHa5DruRvTIbeHH/cc0wvh4ml+FwDpWaPaBpOhLiluhZ3anqX1l5QjrXNiQnL8FxSM5OV/zVCA==}
    engines: {node: '>=14.0.0'}
    dependencies:
      '@aws-sdk/abort-controller': 3.329.0
      '@aws-sdk/protocol-http': 3.329.0
      '@aws-sdk/querystring-builder': 3.329.0
      '@aws-sdk/types': 3.329.0
      tslib: 2.5.0
    dev: false

  /@aws-sdk/property-provider/3.329.0:
    resolution: {integrity: sha512-1cHLTV6yyMGaMSWWDW/p4vTkJ1cc5BOEO+A0eHuAcoSOk+LDe9IKhUG3/ZOvvYKQYcqIj5jjGSni/noXNCl/qw==}
    engines: {node: '>=14.0.0'}
    dependencies:
      '@aws-sdk/types': 3.329.0
      tslib: 2.5.0
    dev: false

  /@aws-sdk/protocol-http/3.329.0:
    resolution: {integrity: sha512-0rLEHY6QTHTUUcVxzGbPUSmCKlXWplxT/fcYRh0bcc5MBK4naKfcQft1O6Ajp8uqs/9YPZ7XCVCn90pDeJfeaw==}
    engines: {node: '>=14.0.0'}
    dependencies:
      '@aws-sdk/types': 3.329.0
      tslib: 2.5.0
    dev: false

  /@aws-sdk/querystring-builder/3.329.0:
    resolution: {integrity: sha512-UWgMKkS5trliaDJG4nPv3onu8Y0aBuwRo7RdIgggguOiU8pU6pq1I113nH2FBNWy+Me1bwf+bcviJh0pCo6bEg==}
    engines: {node: '>=14.0.0'}
    dependencies:
      '@aws-sdk/types': 3.329.0
      '@aws-sdk/util-uri-escape': 3.310.0
      tslib: 2.5.0
    dev: false

  /@aws-sdk/querystring-parser/3.329.0:
    resolution: {integrity: sha512-9mkK+FB7snJ2G7H3CqtprDwYIRhzm6jEezffCwUWrC+lbqHBbErbhE9IeU/MKxILmf0RbC2riXEY1MHGspjRrQ==}
    engines: {node: '>=14.0.0'}
    dependencies:
      '@aws-sdk/types': 3.329.0
      tslib: 2.5.0
    dev: false

  /@aws-sdk/service-error-classification/3.329.0:
    resolution: {integrity: sha512-TSNr0flOcCLe71aPp7MjblKNGsmxpTU4xR5772MDX9Cz9GUTNZCPFtvrcqd+wzEPP/AC7XwNXe8KjoXooZImUQ==}
    engines: {node: '>=14.0.0'}
    dev: false

  /@aws-sdk/shared-ini-file-loader/3.329.0:
    resolution: {integrity: sha512-e0hyd75fbjMd4aCoRwpP2/HR+0oScwogErVArIkq3F42c/hyNCQP3sph4JImuXIjuo6HNnpKpf20CEPPhNna8A==}
    engines: {node: '>=14.0.0'}
    dependencies:
      '@aws-sdk/types': 3.329.0
      tslib: 2.5.0
    dev: false

  /@aws-sdk/signature-v4/3.329.0:
    resolution: {integrity: sha512-9EnLoyOD5nFtCRAp+QRllDgQASCfY7jLHVhwht7jzwE80wE65Z9Ym5Z/mwTd4IyTz/xXfCvcE2VwClsBt0Ybdw==}
    engines: {node: '>=14.0.0'}
    dependencies:
      '@aws-sdk/is-array-buffer': 3.310.0
      '@aws-sdk/types': 3.329.0
      '@aws-sdk/util-hex-encoding': 3.310.0
      '@aws-sdk/util-middleware': 3.329.0
      '@aws-sdk/util-uri-escape': 3.310.0
      '@aws-sdk/util-utf8': 3.310.0
      tslib: 2.5.0
    dev: false

  /@aws-sdk/smithy-client/3.329.0:
    resolution: {integrity: sha512-7E0fGpBKxwFqHHAOqNbgNsHSEmCZLuvmU9yvG9DXKVzrS4P48O/PfOro123WpcFZs3STyOVgH8wjUPftHAVKmg==}
    engines: {node: '>=14.0.0'}
    dependencies:
      '@aws-sdk/middleware-stack': 3.329.0
      '@aws-sdk/types': 3.329.0
      tslib: 2.5.0
    dev: false

  /@aws-sdk/token-providers/3.332.0:
    resolution: {integrity: sha512-fccbg6OSl0l658pxl2p1MoU9gEePo5B361+JNaN0zfRMu7c5HBXCpdl4djlFxAHjltrX9f1+BKqfGHYgI3h8SQ==}
    engines: {node: '>=14.0.0'}
    dependencies:
      '@aws-sdk/client-sso-oidc': 3.332.0
      '@aws-sdk/property-provider': 3.329.0
      '@aws-sdk/shared-ini-file-loader': 3.329.0
      '@aws-sdk/types': 3.329.0
      tslib: 2.5.0
    transitivePeerDependencies:
      - aws-crt
    dev: false

  /@aws-sdk/types/3.329.0:
    resolution: {integrity: sha512-wFBW4yciDfzQBSFmWNaEvHShnSGLMxSu9Lls6EUf6xDMavxSB36bsrVRX6CyAo/W0NeIIyEOW1LclGPgJV1okg==}
    engines: {node: '>=14.0.0'}
    dependencies:
      tslib: 2.5.0
    dev: false

  /@aws-sdk/url-parser/3.329.0:
    resolution: {integrity: sha512-/VcfL7vNJKJGSjYYHVQF3bYCDFs4fSzB7j5qeVDwRdWr870gE7O1Dar+sLWBRKFF3AX+4VzplqzUfpu9t44JVA==}
    dependencies:
      '@aws-sdk/querystring-parser': 3.329.0
      '@aws-sdk/types': 3.329.0
      tslib: 2.5.0
    dev: false

  /@aws-sdk/util-base64/3.310.0:
    resolution: {integrity: sha512-v3+HBKQvqgdzcbL+pFswlx5HQsd9L6ZTlyPVL2LS9nNXnCcR3XgGz9jRskikRUuUvUXtkSG1J88GAOnJ/apTPg==}
    engines: {node: '>=14.0.0'}
    dependencies:
      '@aws-sdk/util-buffer-from': 3.310.0
      tslib: 2.5.0
    dev: false

  /@aws-sdk/util-body-length-browser/3.310.0:
    resolution: {integrity: sha512-sxsC3lPBGfpHtNTUoGXMQXLwjmR0zVpx0rSvzTPAuoVILVsp5AU/w5FphNPxD5OVIjNbZv9KsKTuvNTiZjDp9g==}
    dependencies:
      tslib: 2.5.0
    dev: false

  /@aws-sdk/util-body-length-node/3.310.0:
    resolution: {integrity: sha512-2tqGXdyKhyA6w4zz7UPoS8Ip+7sayOg9BwHNidiGm2ikbDxm1YrCfYXvCBdwaJxa4hJfRVz+aL9e+d3GqPI9pQ==}
    engines: {node: '>=14.0.0'}
    dependencies:
      tslib: 2.5.0
    dev: false

  /@aws-sdk/util-buffer-from/3.310.0:
    resolution: {integrity: sha512-i6LVeXFtGih5Zs8enLrt+ExXY92QV25jtEnTKHsmlFqFAuL3VBeod6boeMXkN2p9lbSVVQ1sAOOYZOHYbYkntw==}
    engines: {node: '>=14.0.0'}
    dependencies:
      '@aws-sdk/is-array-buffer': 3.310.0
      tslib: 2.5.0
    dev: false

  /@aws-sdk/util-config-provider/3.310.0:
    resolution: {integrity: sha512-xIBaYo8dwiojCw8vnUcIL4Z5tyfb1v3yjqyJKJWV/dqKUFOOS0U591plmXbM+M/QkXyML3ypon1f8+BoaDExrg==}
    engines: {node: '>=14.0.0'}
    dependencies:
      tslib: 2.5.0
    dev: false

  /@aws-sdk/util-defaults-mode-browser/3.329.0:
    resolution: {integrity: sha512-2iSiy/pzX3OXMhtSxtAzOiEFr3viQEFnYOTeZuiheuyS+cea2L79F6SlZ1110b/nOIU/UOrxxtz83HVad8YFMQ==}
    engines: {node: '>= 10.0.0'}
    dependencies:
      '@aws-sdk/property-provider': 3.329.0
      '@aws-sdk/types': 3.329.0
      bowser: 2.11.0
      tslib: 2.5.0
    dev: false

  /@aws-sdk/util-defaults-mode-node/3.329.0:
    resolution: {integrity: sha512-7A6C7YKjkZtmKtH29isYEtOCbhd7IcXPP8lftN8WAWlLOiZE4gV7PHveagUj7QserJzgRKGwwTQbBj53n18HYg==}
    engines: {node: '>= 10.0.0'}
    dependencies:
      '@aws-sdk/config-resolver': 3.329.0
      '@aws-sdk/credential-provider-imds': 3.329.0
      '@aws-sdk/node-config-provider': 3.329.0
      '@aws-sdk/property-provider': 3.329.0
      '@aws-sdk/types': 3.329.0
      tslib: 2.5.0
    dev: false

  /@aws-sdk/util-endpoints/3.332.0:
    resolution: {integrity: sha512-nQx7AiOroMU2hj6h+umWOSZ+WECwxupaxFUK/PPKGW6NY/VdQE6LluYnXOtF5awlr8w1nPksT0Lq05PZutMDLA==}
    engines: {node: '>=14.0.0'}
    dependencies:
      '@aws-sdk/types': 3.329.0
      tslib: 2.5.0
    dev: false

  /@aws-sdk/util-hex-encoding/3.310.0:
    resolution: {integrity: sha512-sVN7mcCCDSJ67pI1ZMtk84SKGqyix6/0A1Ab163YKn+lFBQRMKexleZzpYzNGxYzmQS6VanP/cfU7NiLQOaSfA==}
    engines: {node: '>=14.0.0'}
    dependencies:
      tslib: 2.5.0
    dev: false

  /@aws-sdk/util-locate-window/3.310.0:
    resolution: {integrity: sha512-qo2t/vBTnoXpjKxlsC2e1gBrRm80M3bId27r0BRB2VniSSe7bL1mmzM+/HFtujm0iAxtPM+aLEflLJlJeDPg0w==}
    engines: {node: '>=14.0.0'}
    dependencies:
      tslib: 2.5.0
    dev: false

  /@aws-sdk/util-middleware/3.329.0:
    resolution: {integrity: sha512-RhBOBaxzkTUghi4MSqr8S5qeeBCjgJ0XPJ6jIYkVkj1saCmqkuZCgl3zFaYdyhdxxPV6nflkFer+1HUoqT+Fqw==}
    engines: {node: '>=14.0.0'}
    dependencies:
      tslib: 2.5.0
    dev: false

  /@aws-sdk/util-retry/3.329.0:
    resolution: {integrity: sha512-+3VQ9HZLinysnmryUs9Xjt1YVh4TYYHLt30ilu4iUnIHFQoamdzIbRCWseSVFPCxGroen9M9qmAleAsytHEKuA==}
    engines: {node: '>= 14.0.0'}
    dependencies:
      '@aws-sdk/service-error-classification': 3.329.0
      tslib: 2.5.0
    dev: false

  /@aws-sdk/util-uri-escape/3.310.0:
    resolution: {integrity: sha512-drzt+aB2qo2LgtDoiy/3sVG8w63cgLkqFIa2NFlGpUgHFWTXkqtbgf4L5QdjRGKWhmZsnqkbtL7vkSWEcYDJ4Q==}
    engines: {node: '>=14.0.0'}
    dependencies:
      tslib: 2.5.0
    dev: false

  /@aws-sdk/util-user-agent-browser/3.329.0:
    resolution: {integrity: sha512-8hLSmMCl8aw2++0Zuba8ELq8FkK6/VNyx470St201IpMn2GMbQMDl/rLolRKiTgji6wc+T3pOTidkJkz8/cIXA==}
    dependencies:
      '@aws-sdk/types': 3.329.0
      bowser: 2.11.0
      tslib: 2.5.0
    dev: false

  /@aws-sdk/util-user-agent-node/3.329.0:
    resolution: {integrity: sha512-C50Zaeodc0+psEP+L4WpElrH8epuLWJPVN4hDOTORcM0cSoU2o025Ost9mbcU7UdoHNxF9vitLnzORGN9SHolg==}
    engines: {node: '>=14.0.0'}
    peerDependencies:
      aws-crt: '>=1.0.0'
    peerDependenciesMeta:
      aws-crt:
        optional: true
    dependencies:
      '@aws-sdk/node-config-provider': 3.329.0
      '@aws-sdk/types': 3.329.0
      tslib: 2.5.0
    dev: false

  /@aws-sdk/util-utf8-browser/3.259.0:
    resolution: {integrity: sha512-UvFa/vR+e19XookZF8RzFZBrw2EUkQWxiBW0yYQAhvk3C+QVGl0H3ouca8LDBlBfQKXwmW3huo/59H8rwb1wJw==}
    dependencies:
      tslib: 2.5.0
    dev: false

  /@aws-sdk/util-utf8/3.310.0:
    resolution: {integrity: sha512-DnLfFT8uCO22uOJc0pt0DsSNau1GTisngBCDw8jQuWT5CqogMJu4b/uXmwEqfj8B3GX6Xsz8zOd6JpRlPftQoA==}
    engines: {node: '>=14.0.0'}
    dependencies:
      '@aws-sdk/util-buffer-from': 3.310.0
      tslib: 2.5.0
    dev: false

  /@aws-sdk/util-waiter/3.329.0:
    resolution: {integrity: sha512-MIGs7snNL0ZV55zo1BDVPlrmbinUGV3260hp6HrW4zUbpYVoeIOGeewtrwAsF6FJ+vpZCxljPBB0X2jYR7Q7ZQ==}
    engines: {node: '>=14.0.0'}
    dependencies:
      '@aws-sdk/abort-controller': 3.329.0
      '@aws-sdk/types': 3.329.0
      tslib: 2.5.0
    dev: false

  /ansi-regex/5.0.1:
    resolution: {integrity: sha512-quJQXlTSUGL2LH9SUXo8VwsY4soanhgo6LNSm84E1LBcE8s3O0wpdiRzyR9z/ZZJMlMWv37qOOb9pdJlMUEKFQ==}
    engines: {node: '>=8'}
    dev: false

  /ansi-styles/4.3.0:
    resolution: {integrity: sha512-zbB9rCJAT1rbjiVDb2hqKFHNYLxgtk8NURxZ3IZwD3F6NtxbXZQCnnSi1Lkx+IDohdPlFp222wVALIheZJQSEg==}
    engines: {node: '>=8'}
    dependencies:
      color-convert: 2.0.1
    dev: false

  /asynckit/0.4.0:
    resolution: {integrity: sha512-Oei9OH4tRh0YqU3GxhX79dM/mwVgvbZJaSNaRk+bshkj0S5cfHcgYakreBjrHwatXKbz+IoIdYLxrKim2MjW0Q==}
    dev: false

  /axios/1.2.2:
    resolution: {integrity: sha512-bz/J4gS2S3I7mpN/YZfGFTqhXTYzRho8Ay38w2otuuDR322KzFIWm/4W2K6gIwvWaws5n+mnb7D1lN9uD+QH6Q==}
    dependencies:
      follow-redirects: 1.15.2
      form-data: 4.0.0
      proxy-from-env: 1.1.0
    transitivePeerDependencies:
      - debug
    dev: false

  /balanced-match/1.0.2:
    resolution: {integrity: sha512-3oSeUO0TMV67hN1AmbXsK4yaqU7tjiHlbxRDZOpH0KW9+CeX4bRAaX0Anxt0tx2MrpRpWwQaPwIlISEJhYU5Pw==}
    dev: false

  /bowser/2.11.0:
    resolution: {integrity: sha512-AlcaJBi/pqqJBIQ8U9Mcpc9i8Aqxn88Skv5d+xBX006BY5u8N3mGLHa5Lgppa7L/HfwgwLgZ6NYs+Ag6uUmJRA==}
    dev: false

  /brace-expansion/1.1.11:
    resolution: {integrity: sha512-iCuPHDFgrHX7H2vEI/5xpz07zSHB00TpugqhmYtVmMO6518mCuRMoOYFldEBl0g187ufozdaHgWKcYFb61qGiA==}
    dependencies:
      balanced-match: 1.0.2
      concat-map: 0.0.1
    dev: false

  /chalk/4.1.2:
    resolution: {integrity: sha512-oKnbhFyRIXpUuez8iBMmyEa4nbj4IOQyuhc/wy9kY7/WVPcwIO9VA668Pu8RkO7+0G76SLROeyw9CpQ061i4mA==}
    engines: {node: '>=10'}
    dependencies:
      ansi-styles: 4.3.0
      supports-color: 7.2.0
    dev: false

  /cliui/8.0.1:
    resolution: {integrity: sha512-BSeNnyus75C4//NQ9gQt1/csTXyo/8Sb+afLAkzAptFuMsod9HFokGNudZpi/oQV73hnVK+sR+5PVRMd+Dr7YQ==}
    engines: {node: '>=12'}
    dependencies:
      string-width: 4.2.3
      strip-ansi: 6.0.1
      wrap-ansi: 7.0.0
    dev: false

  /color-convert/2.0.1:
    resolution: {integrity: sha512-RRECPsj7iu/xb5oKYcsFHSppFNnsj/52OVTRKb4zP5onXwVF3zVmmToNcOfGC+CRDpfK/U584fMg38ZHCaElKQ==}
    engines: {node: '>=7.0.0'}
    dependencies:
      color-name: 1.1.4
    dev: false

  /color-name/1.1.4:
    resolution: {integrity: sha512-dOy+3AuW3a2wNbZHIuMZpTcgjGuLU/uBL/ubcZF9OXbDo8ff4O8yVp5Bf0efS8uEoYo5q4Fx7dY9OgQGXgAsQA==}
    dev: false

  /combined-stream/1.0.8:
    resolution: {integrity: sha512-FQN4MRfuJeHf7cBbBMJFXhKSDq+2kAArBlmRBvcvFE5BB1HZKXtSFASDhdlz9zOYwxh8lDdnvmMOe/+5cdoEdg==}
    engines: {node: '>= 0.8'}
    dependencies:
      delayed-stream: 1.0.0
    dev: false

  /concat-map/0.0.1:
    resolution: {integrity: sha512-/Srv4dswyQNBfohGpz9o6Yb3Gz3SrUDqBH5rTuhGR7ahtlbYKnVxw2bCFMRljaA7EXHaXZ8wsHdodFvbkhKmqg==}
    dev: false

  /delayed-stream/1.0.0:
    resolution: {integrity: sha512-ZySD7Nf91aLB0RxL4KGrKHBXl7Eds1DAmEdcoVawXnLD7SDhpNgtuII2aAkg7a7QS41jxPSZ17p4VdGnMHk3MQ==}
    engines: {node: '>=0.4.0'}
    dev: false

  /emoji-regex/8.0.0:
    resolution: {integrity: sha512-MSjYzcWNOA0ewAHpz0MxpYFvwg6yjy1NG3xteoqz644VCo/RPgnr1/GGt+ic3iJTzQ8Eu3TdM14SawnVUmGE6A==}
    dev: false

  /escalade/3.1.1:
    resolution: {integrity: sha512-k0er2gUkLf8O0zKJiAhmkTnJlTvINGv7ygDNPbeIsX/TJjGJZHuh9B2UxbsaEkmlEo9MfhrSzmhIlhRlI2GXnw==}
    engines: {node: '>=6'}
    dev: false

  /fast-xml-parser/4.1.2:
    resolution: {integrity: sha512-CDYeykkle1LiA/uqQyNwYpFbyF6Axec6YapmpUP+/RHWIoR1zKjocdvNaTsxCxZzQ6v9MLXaSYm9Qq0thv0DHg==}
    hasBin: true
    dependencies:
      strnum: 1.0.5
    dev: false

  /follow-redirects/1.15.2:
    resolution: {integrity: sha512-VQLG33o04KaQ8uYi2tVNbdrWp1QWxNNea+nmIB4EVM28v0hmP17z7aG1+wAkNzVq4KeXTq3221ye5qTJP91JwA==}
    engines: {node: '>=4.0'}
    peerDependencies:
      debug: '*'
    peerDependenciesMeta:
      debug:
        optional: true
    dev: false

  /form-data/4.0.0:
    resolution: {integrity: sha512-ETEklSGi5t0QMZuiXoA/Q6vcnxcLQP5vdugSpuAyi6SVGi2clPPp+xgEhuMaHC+zGgn31Kd235W35f7Hykkaww==}
    engines: {node: '>= 6'}
    dependencies:
      asynckit: 0.4.0
      combined-stream: 1.0.8
      mime-types: 2.1.35
    dev: false

  /fs.realpath/1.0.0:
    resolution: {integrity: sha512-OO0pH2lK6a0hZnAdau5ItzHPI6pUlvI7jMVnxUQRtw4owF2wk8lOSabtGDCTP4Ggrg2MbGnWO9X8K1t4+fGMDw==}
    dev: false

  /get-caller-file/2.0.5:
    resolution: {integrity: sha512-DyFP3BM/3YHTQOCUL/w0OZHR0lpKeGrxotcHWcqNEdnltqFwXVfhEBQ94eIo34AfQpo0rGki4cyIiftY06h2Fg==}
    engines: {node: 6.* || 8.* || >= 10.*}
    dev: false

  /glob/7.2.3:
    resolution: {integrity: sha512-nFR0zLpU2YCaRxwoCJvL6UvCH2JFyFVIvwTLsIf21AuHlMskA1hhTdk+LlYJtOlYt9v6dvszD2BGRqBL+iQK9Q==}
    dependencies:
      fs.realpath: 1.0.0
      inflight: 1.0.6
      inherits: 2.0.4
      minimatch: 3.1.2
      once: 1.4.0
      path-is-absolute: 1.0.1
    dev: false

  /has-flag/4.0.0:
    resolution: {integrity: sha512-EykJT/Q1KjTWctppgIAgfSO0tKVuZUjhgMr17kqTumMl6Afv3EISleU7qZUzoXDFTAHTDC4NOoG/ZxU3EvlMPQ==}
    engines: {node: '>=8'}
    dev: false

  /inflight/1.0.6:
    resolution: {integrity: sha512-k92I/b08q4wvFscXCLvqfsHCrjrF7yiXsQuIVvVE7N82W3+aqpzuUdBbfhWcy/FZR3/4IgflMgKLOsvPDrGCJA==}
    dependencies:
      once: 1.4.0
      wrappy: 1.0.2
    dev: false

  /inherits/2.0.4:
    resolution: {integrity: sha512-k/vGaX4/Yla3WzyMCvTQOXYeIHvqOKtnqBduzTHpzpQZzAskKMhZ2K+EnBiSM9zGSoIFeMpXKxa4dYeZIQqewQ==}
    dev: false

  /is-fullwidth-code-point/3.0.0:
    resolution: {integrity: sha512-zymm5+u+sCsSWyD9qNaejV3DFvhCKclKdizYaJUuHA83RLjb7nSuGnddCHGv0hk+KY7BMAlsWeK4Ueg6EV6XQg==}
    engines: {node: '>=8'}
    dev: false

  /mime-db/1.52.0:
    resolution: {integrity: sha512-sPU4uV7dYlvtWJxwwxHD0PuihVNiE7TyAbQ5SWxDCB9mUYvOgroQOwYQQOKPJ8CIbE+1ETVlOoK1UC2nU3gYvg==}
    engines: {node: '>= 0.6'}
    dev: false

  /mime-types/2.1.35:
    resolution: {integrity: sha512-ZDY+bPm5zTTF+YpCrAU9nK0UgICYPT0QtT1NZWFv4s++TNkcgVaT0g6+4R2uI4MjQjzysHB1zxuWL50hzaeXiw==}
    engines: {node: '>= 0.6'}
    dependencies:
      mime-db: 1.52.0
    dev: false

  /minimatch/3.1.2:
    resolution: {integrity: sha512-J7p63hRiAjw1NDEww1W7i37+ByIrOWO5XQQAzZ3VOcL0PNybwpfmV/N05zFAzwQ9USyEcX6t3UO+K5aqBQOIHw==}
    dependencies:
      brace-expansion: 1.1.11
    dev: false

  /mnemonist/0.38.3:
    resolution: {integrity: sha512-2K9QYubXx/NAjv4VLq1d1Ly8pWNC5L3BrixtdkyTegXWJIqY+zLNDhhX/A+ZwWt70tB1S8H4BE8FLYEFyNoOBw==}
    dependencies:
      obliterator: 1.6.1
    dev: false

  /obliterator/1.6.1:
    resolution: {integrity: sha512-9WXswnqINnnhOG/5SLimUlzuU1hFJUc8zkwyD59Sd+dPOMf05PmnYG/d6Q7HZ+KmgkZJa1PxRso6QdM3sTNHig==}
    dev: false

  /once/1.4.0:
    resolution: {integrity: sha512-lNaJgI+2Q5URQBkccEKHTQOPaXdUxnZZElQTZY0MFUAuaEqe1E+Nyvgdz/aIyNi6Z9MzO5dv1H8n58/GELp3+w==}
    dependencies:
      wrappy: 1.0.2
    dev: false

  /path-is-absolute/1.0.1:
    resolution: {integrity: sha512-AVbw3UJ2e9bq64vSaS9Am0fje1Pa8pbGqTTsmXfaIiMpnr5DlDhfJOuLj9Sf95ZPVDAUerDfEk88MPmPe7UCQg==}
    engines: {node: '>=0.10.0'}
    dev: false

  /proxy-from-env/1.1.0:
    resolution: {integrity: sha512-D+zkORCbA9f1tdWRK0RaCR3GPv50cMxcrz4X8k5LTSUD1Dkw47mKJEZQNunItRTkWwgtaUSo1RVFRIG9ZXiFYg==}
    dev: false

  /replace-in-file/6.3.5:
    resolution: {integrity: sha512-arB9d3ENdKva2fxRnSjwBEXfK1npgyci7ZZuwysgAp7ORjHSyxz6oqIjTEv8R0Ydl4Ll7uOAZXL4vbkhGIizCg==}
    engines: {node: '>=10'}
    hasBin: true
    dependencies:
      chalk: 4.1.2
      glob: 7.2.3
      yargs: 17.6.2
    dev: false

  /require-directory/2.1.1:
    resolution: {integrity: sha512-fGxEI7+wsG9xrvdjsrlmL22OMTTiHRwAMroiEeMgq8gzoLC/PQr7RsRDSTLUg/bZAZtF+TVIkHc6/4RIKrui+Q==}
    engines: {node: '>=0.10.0'}
    dev: false

  /string-width/4.2.3:
    resolution: {integrity: sha512-wKyQRQpjJ0sIp62ErSZdGsjMJWsap5oRNihHhu6G7JVO/9jIB6UyevL+tXuOqrng8j/cxKTWyWUwvSTriiZz/g==}
    engines: {node: '>=8'}
    dependencies:
      emoji-regex: 8.0.0
      is-fullwidth-code-point: 3.0.0
      strip-ansi: 6.0.1
    dev: false

  /strip-ansi/6.0.1:
    resolution: {integrity: sha512-Y38VPSHcqkFrCpFnQ9vuSXmquuv5oXOKpGeT6aGrr3o3Gc9AlVa6JBfUSOCnbxGGZF+/0ooI7KrPuUSztUdU5A==}
    engines: {node: '>=8'}
    dependencies:
      ansi-regex: 5.0.1
    dev: false

  /strnum/1.0.5:
    resolution: {integrity: sha512-J8bbNyKKXl5qYcR36TIO8W3mVGVHrmmxsd5PAItGkmyzwJvybiw2IVq5nqd0i4LSNSkB/sx9VHllbfFdr9k1JA==}
    dev: false

  /supports-color/7.2.0:
    resolution: {integrity: sha512-qpCAvRl9stuOHveKsn7HncJRvv501qIacKzQlO/+Lwxc9+0q2wLyv4Dfvt80/DPn2pqOBsJdDiogXGR9+OvwRw==}
    engines: {node: '>=8'}
    dependencies:
      has-flag: 4.0.0
    dev: false

  /tslib/1.14.1:
    resolution: {integrity: sha512-Xni35NKzjgMrwevysHTCArtLDpPvye8zV/0E4EyYn43P7/7qvQwPh9BGkHewbMulVntbigmcT7rdX3BNo9wRJg==}
    dev: false

  /tslib/2.5.0:
    resolution: {integrity: sha512-336iVw3rtn2BUK7ORdIAHTyxHGRIHVReokCR3XjbckJMK7ms8FysBfhLR8IXnAgy7T0PTPNBWKiH514FOW/WSg==}
    dev: false

  /uuid/8.3.2:
    resolution: {integrity: sha512-+NYs2QeMWy+GWFOEm9xnn6HCDp0l7QBD7ml8zLUmJ+93Q5NF0NocErnwkTkXVFNiX3/fpC6afS8Dhb/gz7R7eg==}
    hasBin: true
    dev: false

  /wrap-ansi/7.0.0:
    resolution: {integrity: sha512-YVGIj2kamLSTxw6NsZjoBxfSwsn0ycdesmc4p+Q21c5zPuZ1pl+NfxVdxPtdHvmNVOQ6XSYG4AUtyt/Fi7D16Q==}
    engines: {node: '>=10'}
    dependencies:
      ansi-styles: 4.3.0
      string-width: 4.2.3
      strip-ansi: 6.0.1
    dev: false

  /wrappy/1.0.2:
    resolution: {integrity: sha512-l4Sp/DRseor9wL6EvV2+TuQn63dMkPjZ/sp9XkghTEbV9KlPS1xUsZ3u7/IQO4wxtcFB4bgpQPRcR3QCvezPcQ==}
    dev: false

  /y18n/5.0.8:
    resolution: {integrity: sha512-0pfFzegeDWJHJIAmTLRP2DwHjdF5s7jo9tuztdQxAhINCdvS+3nGINqPd00AphqJR/0LhANUS6/+7SCb98YOfA==}
    engines: {node: '>=10'}
    dev: false

  /yargs-parser/21.1.1:
    resolution: {integrity: sha512-tVpsJW7DdjecAiFpbIB1e3qxIQsE6NoPc5/eTdrbbIC4h0LVsWhnoa3g+m2HclBIujHzsxZ4VJVA+GUuc2/LBw==}
    engines: {node: '>=12'}
    dev: false

  /yargs/17.6.2:
    resolution: {integrity: sha512-1/9UrdHjDZc0eOU0HxOHoS78C69UD3JRMvzlJ7S79S2nTaWRA/whGCTV8o9e/N/1Va9YIV7Q4sOxD8VV4pCWOw==}
    engines: {node: '>=12'}
    dependencies:
      cliui: 8.0.1
      escalade: 3.1.1
      get-caller-file: 2.0.5
      require-directory: 2.1.1
      string-width: 4.2.3
      y18n: 5.0.8
      yargs-parser: 21.1.1
    dev: false
